{
  "object": {
    "pins": [
      {
        "package": "EventEmitter",
        "repositoryURL": "https://github.com/spencerkohan/Swift-EventEmitter",
        "state": {
          "branch": "master",
          "revision": "e522d030c51d465c2df77e9c666cefe480f973e9",
          "version": null
        }
      },
      {
        "package": "TCP",
        "repositoryURL": "/Users/spencerkohan/Projects/Personal/SwiftModules/TCP",
        "state": {
          "branch": "master",
          "revision": "21115f5b7fdc3b6d9ad81c514a9cf1313ddda33b",
          "version": null
        }
      }
    ]
  },
  "version": 1
}
